// !$*UTF8*$!
{
	archiveVersion = 1;
	classes = {
	};
	objectVersion = 46;
	objects = {

/* Begin PBXBuildFile section */
		630320EF1905E52600975589 /* SetGameViewController.m in Sources */ = {isa = PBXBuildFile; fileRef = 630320EE1905E52600975589 /* SetGameViewController.m */; };
		630320F2190650AD00975589 /* SetCard.m in Sources */ = {isa = PBXBuildFile; fileRef = 630320F1190650AD00975589 /* SetCard.m */; };
		630320F519070C4A00975589 /* SetCardDeck.m in Sources */ = {isa = PBXBuildFile; fileRef = 630320F419070C4A00975589 /* SetCardDeck.m */; };
		63044A7D18F0F7130056099D /* Foundation.framework in Frameworks */ = {isa = PBXBuildFile; fileRef = 63044A7C18F0F7130056099D /* Foundation.framework */; };
		63044A7F18F0F7130056099D /* CoreGraphics.framework in Frameworks */ = {isa = PBXBuildFile; fileRef = 63044A7E18F0F7130056099D /* CoreGraphics.framework */; };
		63044A8118F0F7130056099D /* UIKit.framework in Frameworks */ = {isa = PBXBuildFile; fileRef = 63044A8018F0F7130056099D /* UIKit.framework */; };
		63044A8718F0F7130056099D /* InfoPlist.strings in Resources */ = {isa = PBXBuildFile; fileRef = 63044A8518F0F7130056099D /* InfoPlist.strings */; };
		63044A8918F0F7130056099D /* main.m in Sources */ = {isa = PBXBuildFile; fileRef = 63044A8818F0F7130056099D /* main.m */; };
		63044A8D18F0F7130056099D /* CardGameAppDelegate.m in Sources */ = {isa = PBXBuildFile; fileRef = 63044A8C18F0F7130056099D /* CardGameAppDelegate.m */; };
		63044A9018F0F7130056099D /* Main.storyboard in Resources */ = {isa = PBXBuildFile; fileRef = 63044A8E18F0F7130056099D /* Main.storyboard */; };
		63044A9318F0F7130056099D /* CardGameViewController.m in Sources */ = {isa = PBXBuildFile; fileRef = 63044A9218F0F7130056099D /* CardGameViewController.m */; };
		63044A9518F0F7130056099D /* Images.xcassets in Resources */ = {isa = PBXBuildFile; fileRef = 63044A9418F0F7130056099D /* Images.xcassets */; };
		63044A9C18F0F7130056099D /* XCTest.framework in Frameworks */ = {isa = PBXBuildFile; fileRef = 63044A9B18F0F7130056099D /* XCTest.framework */; };
		63044A9D18F0F7130056099D /* Foundation.framework in Frameworks */ = {isa = PBXBuildFile; fileRef = 63044A7C18F0F7130056099D /* Foundation.framework */; };
		63044A9E18F0F7130056099D /* UIKit.framework in Frameworks */ = {isa = PBXBuildFile; fileRef = 63044A8018F0F7130056099D /* UIKit.framework */; };
		63044AA618F0F7130056099D /* InfoPlist.strings in Resources */ = {isa = PBXBuildFile; fileRef = 63044AA418F0F7130056099D /* InfoPlist.strings */; };
		63044AA818F0F7130056099D /* MatchismoTests.m in Sources */ = {isa = PBXBuildFile; fileRef = 63044AA718F0F7130056099D /* MatchismoTests.m */; };
		63044AB318F1E5970056099D /* Card.m in Sources */ = {isa = PBXBuildFile; fileRef = 63044AB218F1E5970056099D /* Card.m */; };
		63044AB718F1E75C0056099D /* PlayingCard.m in Sources */ = {isa = PBXBuildFile; fileRef = 63044AB618F1E75C0056099D /* PlayingCard.m */; };
		63044ABA18F1EDF70056099D /* Deck.m in Sources */ = {isa = PBXBuildFile; fileRef = 63044AB918F1EDF70056099D /* Deck.m */; };
		63044ABD18F1F0250056099D /* PlayingCardDeck.m in Sources */ = {isa = PBXBuildFile; fileRef = 63044ABC18F1F0250056099D /* PlayingCardDeck.m */; };
		630855911907B1DA0068739C /* GameHistoryViewController.m in Sources */ = {isa = PBXBuildFile; fileRef = 630855901907B1DA0068739C /* GameHistoryViewController.m */; };
		6329D97B18F899040009D9D7 /* CardMatchingGame.m in Sources */ = {isa = PBXBuildFile; fileRef = 6329D97A18F899040009D9D7 /* CardMatchingGame.m */; };
/* End PBXBuildFile section */

/* Begin PBXContainerItemProxy section */
		63044A9F18F0F7130056099D /* PBXContainerItemProxy */ = {
			isa = PBXContainerItemProxy;
			containerPortal = 63044A7118F0F7130056099D /* Project object */;
			proxyType = 1;
			remoteGlobalIDString = 63044A7818F0F7130056099D;
			remoteInfo = Matchismo;
		};
/* End PBXContainerItemProxy section */

/* Begin PBXFileReference section */
		630320ED1905E52600975589 /* SetGameViewController.h */ = {isa = PBXFileReference; fileEncoding = 4; lastKnownFileType = sourcecode.c.h; path = SetGameViewController.h; sourceTree = "<group>"; };
		630320EE1905E52600975589 /* SetGameViewController.m */ = {isa = PBXFileReference; fileEncoding = 4; lastKnownFileType = sourcecode.c.objc; path = SetGameViewController.m; sourceTree = "<group>"; };
		630320F0190650AD00975589 /* SetCard.h */ = {isa = PBXFileReference; fileEncoding = 4; lastKnownFileType = sourcecode.c.h; name = SetCard.h; path = Model/SetCard.h; sourceTree = "<group>"; };
		630320F1190650AD00975589 /* SetCard.m */ = {isa = PBXFileReference; fileEncoding = 4; lastKnownFileType = sourcecode.c.objc; name = SetCard.m; path = Model/SetCard.m; sourceTree = "<group>"; };
		630320F319070C4A00975589 /* SetCardDeck.h */ = {isa = PBXFileReference; fileEncoding = 4; lastKnownFileType = sourcecode.c.h; name = SetCardDeck.h; path = Model/SetCardDeck.h; sourceTree = "<group>"; };
		630320F419070C4A00975589 /* SetCardDeck.m */ = {isa = PBXFileReference; fileEncoding = 4; lastKnownFileType = sourcecode.c.objc; name = SetCardDeck.m; path = Model/SetCardDeck.m; sourceTree = "<group>"; };
		63044A7918F0F7130056099D /* Matchismo.app */ = {isa = PBXFileReference; explicitFileType = wrapper.application; includeInIndex = 0; path = Matchismo.app; sourceTree = BUILT_PRODUCTS_DIR; };
		63044A7C18F0F7130056099D /* Foundation.framework */ = {isa = PBXFileReference; lastKnownFileType = wrapper.framework; name = Foundation.framework; path = System/Library/Frameworks/Foundation.framework; sourceTree = SDKROOT; };
		63044A7E18F0F7130056099D /* CoreGraphics.framework */ = {isa = PBXFileReference; lastKnownFileType = wrapper.framework; name = CoreGraphics.framework; path = System/Library/Frameworks/CoreGraphics.framework; sourceTree = SDKROOT; };
		63044A8018F0F7130056099D /* UIKit.framework */ = {isa = PBXFileReference; lastKnownFileType = wrapper.framework; name = UIKit.framework; path = System/Library/Frameworks/UIKit.framework; sourceTree = SDKROOT; };
		63044A8418F0F7130056099D /* Matchismo-Info.plist */ = {isa = PBXFileReference; lastKnownFileType = text.plist.xml; path = "Matchismo-Info.plist"; sourceTree = "<group>"; };
		63044A8618F0F7130056099D /* en */ = {isa = PBXFileReference; lastKnownFileType = text.plist.strings; name = en; path = en.lproj/InfoPlist.strings; sourceTree = "<group>"; };
		63044A8818F0F7130056099D /* main.m */ = {isa = PBXFileReference; lastKnownFileType = sourcecode.c.objc; path = main.m; sourceTree = "<group>"; };
		63044A8A18F0F7130056099D /* Matchismo-Prefix.pch */ = {isa = PBXFileReference; lastKnownFileType = sourcecode.c.h; path = "Matchismo-Prefix.pch"; sourceTree = "<group>"; };
		63044A8B18F0F7130056099D /* CardGameAppDelegate.h */ = {isa = PBXFileReference; lastKnownFileType = sourcecode.c.h; path = CardGameAppDelegate.h; sourceTree = "<group>"; };
		63044A8C18F0F7130056099D /* CardGameAppDelegate.m */ = {isa = PBXFileReference; lastKnownFileType = sourcecode.c.objc; path = CardGameAppDelegate.m; sourceTree = "<group>"; };
		63044A8F18F0F7130056099D /* Base */ = {isa = PBXFileReference; lastKnownFileType = file.storyboard; name = Base; path = Base.lproj/Main.storyboard; sourceTree = "<group>"; };
		63044A9118F0F7130056099D /* CardGameViewController.h */ = {isa = PBXFileReference; lastKnownFileType = sourcecode.c.h; path = CardGameViewController.h; sourceTree = "<group>"; };
		63044A9218F0F7130056099D /* CardGameViewController.m */ = {isa = PBXFileReference; lastKnownFileType = sourcecode.c.objc; path = CardGameViewController.m; sourceTree = "<group>"; };
		63044A9418F0F7130056099D /* Images.xcassets */ = {isa = PBXFileReference; lastKnownFileType = folder.assetcatalog; path = Images.xcassets; sourceTree = "<group>"; };
		63044A9A18F0F7130056099D /* MatchismoTests.xctest */ = {isa = PBXFileReference; explicitFileType = wrapper.cfbundle; includeInIndex = 0; path = MatchismoTests.xctest; sourceTree = BUILT_PRODUCTS_DIR; };
		63044A9B18F0F7130056099D /* XCTest.framework */ = {isa = PBXFileReference; lastKnownFileType = wrapper.framework; name = XCTest.framework; path = Library/Frameworks/XCTest.framework; sourceTree = DEVELOPER_DIR; };
		63044AA318F0F7130056099D /* MatchismoTests-Info.plist */ = {isa = PBXFileReference; lastKnownFileType = text.plist.xml; path = "MatchismoTests-Info.plist"; sourceTree = "<group>"; };
		63044AA518F0F7130056099D /* en */ = {isa = PBXFileReference; lastKnownFileType = text.plist.strings; name = en; path = en.lproj/InfoPlist.strings; sourceTree = "<group>"; };
		63044AA718F0F7130056099D /* MatchismoTests.m */ = {isa = PBXFileReference; lastKnownFileType = sourcecode.c.objc; path = MatchismoTests.m; sourceTree = "<group>"; };
		63044AB118F1E5970056099D /* Card.h */ = {isa = PBXFileReference; fileEncoding = 4; lastKnownFileType = sourcecode.c.h; name = Card.h; path = Model/Card.h; sourceTree = "<group>"; };
		63044AB218F1E5970056099D /* Card.m */ = {isa = PBXFileReference; fileEncoding = 4; lastKnownFileType = sourcecode.c.objc; name = Card.m; path = Model/Card.m; sourceTree = "<group>"; };
		63044AB518F1E75C0056099D /* PlayingCard.h */ = {isa = PBXFileReference; fileEncoding = 4; lastKnownFileType = sourcecode.c.h; name = PlayingCard.h; path = Model/PlayingCard.h; sourceTree = "<group>"; };
		63044AB618F1E75C0056099D /* PlayingCard.m */ = {isa = PBXFileReference; fileEncoding = 4; lastKnownFileType = sourcecode.c.objc; name = PlayingCard.m; path = Model/PlayingCard.m; sourceTree = "<group>"; };
		63044AB818F1EDF70056099D /* Deck.h */ = {isa = PBXFileReference; fileEncoding = 4; lastKnownFileType = sourcecode.c.h; name = Deck.h; path = Model/Deck.h; sourceTree = "<group>"; };
		63044AB918F1EDF70056099D /* Deck.m */ = {isa = PBXFileReference; fileEncoding = 4; lastKnownFileType = sourcecode.c.objc; name = Deck.m; path = Model/Deck.m; sourceTree = "<group>"; };
		63044ABB18F1F0250056099D /* PlayingCardDeck.h */ = {isa = PBXFileReference; fileEncoding = 4; lastKnownFileType = sourcecode.c.h; name = PlayingCardDeck.h; path = Model/PlayingCardDeck.h; sourceTree = "<group>"; };
		63044ABC18F1F0250056099D /* PlayingCardDeck.m */ = {isa = PBXFileReference; fileEncoding = 4; lastKnownFileType = sourcecode.c.objc; name = PlayingCardDeck.m; path = Model/PlayingCardDeck.m; sourceTree = "<group>"; };
		6308558F1907B1DA0068739C /* GameHistoryViewController.h */ = {isa = PBXFileReference; fileEncoding = 4; lastKnownFileType = sourcecode.c.h; path = GameHistoryViewController.h; sourceTree = "<group>"; };
		630855901907B1DA0068739C /* GameHistoryViewController.m */ = {isa = PBXFileReference; fileEncoding = 4; lastKnownFileType = sourcecode.c.objc; path = GameHistoryViewController.m; sourceTree = "<group>"; };
		6329D97918F899040009D9D7 /* CardMatchingGame.h */ = {isa = PBXFileReference; fileEncoding = 4; lastKnownFileType = sourcecode.c.h; name = CardMatchingGame.h; path = Model/CardMatchingGame.h; sourceTree = "<group>"; };
		6329D97A18F899040009D9D7 /* CardMatchingGame.m */ = {isa = PBXFileReference; fileEncoding = 4; lastKnownFileType = sourcecode.c.objc; name = CardMatchingGame.m; path = Model/CardMatchingGame.m; sourceTree = "<group>"; };
/* End PBXFileReference section */

/* Begin PBXFrameworksBuildPhase section */
		63044A7618F0F7130056099D /* Frameworks */ = {
			isa = PBXFrameworksBuildPhase;
			buildActionMask = 2147483647;
			files = (
				63044A7F18F0F7130056099D /* CoreGraphics.framework in Frameworks */,
				63044A8118F0F7130056099D /* UIKit.framework in Frameworks */,
				63044A7D18F0F7130056099D /* Foundation.framework in Frameworks */,
			);
			runOnlyForDeploymentPostprocessing = 0;
		};
		63044A9718F0F7130056099D /* Frameworks */ = {
			isa = PBXFrameworksBuildPhase;
			buildActionMask = 2147483647;
			files = (
				63044A9C18F0F7130056099D /* XCTest.framework in Frameworks */,
				63044A9E18F0F7130056099D /* UIKit.framework in Frameworks */,
				63044A9D18F0F7130056099D /* Foundation.framework in Frameworks */,
			);
			runOnlyForDeploymentPostprocessing = 0;
		};
/* End PBXFrameworksBuildPhase section */

/* Begin PBXGroup section */
		63044A7018F0F7130056099D = {
			isa = PBXGroup;
			children = (
				63044A8218F0F7130056099D /* Matchismo */,
				63044AA118F0F7130056099D /* MatchismoTests */,
				63044A7B18F0F7130056099D /* Frameworks */,
				63044A7A18F0F7130056099D /* Products */,
			);
			sourceTree = "<group>";
		};
		63044A7A18F0F7130056099D /* Products */ = {
			isa = PBXGroup;
			children = (
				63044A7918F0F7130056099D /* Matchismo.app */,
				63044A9A18F0F7130056099D /* MatchismoTests.xctest */,
			);
			name = Products;
			sourceTree = "<group>";
		};
		63044A7B18F0F7130056099D /* Frameworks */ = {
			isa = PBXGroup;
			children = (
				63044A7C18F0F7130056099D /* Foundation.framework */,
				63044A7E18F0F7130056099D /* CoreGraphics.framework */,
				63044A8018F0F7130056099D /* UIKit.framework */,
				63044A9B18F0F7130056099D /* XCTest.framework */,
			);
			name = Frameworks;
			sourceTree = "<group>";
		};
		63044A8218F0F7130056099D /* Matchismo */ = {
			isa = PBXGroup;
			children = (
				63044A8E18F0F7130056099D /* Main.storyboard */,
				630320ED1905E52600975589 /* SetGameViewController.h */,
				630320EE1905E52600975589 /* SetGameViewController.m */,
				63044A9118F0F7130056099D /* CardGameViewController.h */,
				63044A9218F0F7130056099D /* CardGameViewController.m */,
				6308558F1907B1DA0068739C /* GameHistoryViewController.h */,
				630855901907B1DA0068739C /* GameHistoryViewController.m */,
				63044AB418F1E5C60056099D /* Model */,
				63044A9418F0F7130056099D /* Images.xcassets */,
				63044A8318F0F7130056099D /* Supporting Files */,
			);
			path = Matchismo;
			sourceTree = "<group>";
		};
		63044A8318F0F7130056099D /* Supporting Files */ = {
			isa = PBXGroup;
			children = (
				63044A8B18F0F7130056099D /* CardGameAppDelegate.h */,
				63044A8C18F0F7130056099D /* CardGameAppDelegate.m */,
				63044A8418F0F7130056099D /* Matchismo-Info.plist */,
				63044A8518F0F7130056099D /* InfoPlist.strings */,
				63044A8818F0F7130056099D /* main.m */,
				63044A8A18F0F7130056099D /* Matchismo-Prefix.pch */,
			);
			name = "Supporting Files";
			sourceTree = "<group>";
		};
		63044AA118F0F7130056099D /* MatchismoTests */ = {
			isa = PBXGroup;
			children = (
				63044AA718F0F7130056099D /* MatchismoTests.m */,
				63044AA218F0F7130056099D /* Supporting Files */,
			);
			path = MatchismoTests;
			sourceTree = "<group>";
		};
		63044AA218F0F7130056099D /* Supporting Files */ = {
			isa = PBXGroup;
			children = (
				63044AA318F0F7130056099D /* MatchismoTests-Info.plist */,
				63044AA418F0F7130056099D /* InfoPlist.strings */,
			);
			name = "Supporting Files";
			sourceTree = "<group>";
		};
		63044AB418F1E5C60056099D /* Model */ = {
			isa = PBXGroup;
			children = (
				6329D97918F899040009D9D7 /* CardMatchingGame.h */,
				6329D97A18F899040009D9D7 /* CardMatchingGame.m */,
				63044AB118F1E5970056099D /* Card.h */,
				63044AB218F1E5970056099D /* Card.m */,
				63044AB518F1E75C0056099D /* PlayingCard.h */,
				63044AB618F1E75C0056099D /* PlayingCard.m */,
				630320F0190650AD00975589 /* SetCard.h */,
				630320F1190650AD00975589 /* SetCard.m */,
				63044AB818F1EDF70056099D /* Deck.h */,
				63044AB918F1EDF70056099D /* Deck.m */,
				63044ABB18F1F0250056099D /* PlayingCardDeck.h */,
				63044ABC18F1F0250056099D /* PlayingCardDeck.m */,
				630320F319070C4A00975589 /* SetCardDeck.h */,
				630320F419070C4A00975589 /* SetCardDeck.m */,
			);
			name = Model;
			sourceTree = "<group>";
		};
/* End PBXGroup section */

/* Begin PBXNativeTarget section */
		63044A7818F0F7130056099D /* Matchismo */ = {
			isa = PBXNativeTarget;
			buildConfigurationList = 63044AAB18F0F7130056099D /* Build configuration list for PBXNativeTarget "Matchismo" */;
			buildPhases = (
				63044A7518F0F7130056099D /* Sources */,
				63044A7618F0F7130056099D /* Frameworks */,
				63044A7718F0F7130056099D /* Resources */,
			);
			buildRules = (
			);
			dependencies = (
			);
			name = Matchismo;
			productName = Matchismo;
			productReference = 63044A7918F0F7130056099D /* Matchismo.app */;
			productType = "com.apple.product-type.application";
		};
		63044A9918F0F7130056099D /* MatchismoTests */ = {
			isa = PBXNativeTarget;
			buildConfigurationList = 63044AAE18F0F7140056099D /* Build configuration list for PBXNativeTarget "MatchismoTests" */;
			buildPhases = (
				63044A9618F0F7130056099D /* Sources */,
				63044A9718F0F7130056099D /* Frameworks */,
				63044A9818F0F7130056099D /* Resources */,
			);
			buildRules = (
			);
			dependencies = (
				63044AA018F0F7130056099D /* PBXTargetDependency */,
			);
			name = MatchismoTests;
			productName = MatchismoTests;
			productReference = 63044A9A18F0F7130056099D /* MatchismoTests.xctest */;
			productType = "com.apple.product-type.bundle.unit-test";
		};
/* End PBXNativeTarget section */

/* Begin PBXProject section */
		63044A7118F0F7130056099D /* Project object */ = {
			isa = PBXProject;
			attributes = {
				CLASSPREFIX = CardGame;
				LastUpgradeCheck = 0510;
				ORGANIZATIONNAME = CS193p;
				TargetAttributes = {
					63044A9918F0F7130056099D = {
						TestTargetID = 63044A7818F0F7130056099D;
					};
				};
			};
			buildConfigurationList = 63044A7418F0F7130056099D /* Build configuration list for PBXProject "Matchismo" */;
			compatibilityVersion = "Xcode 3.2";
			developmentRegion = English;
			hasScannedForEncodings = 0;
			knownRegions = (
				en,
				Base,
			);
			mainGroup = 63044A7018F0F7130056099D;
			productRefGroup = 63044A7A18F0F7130056099D /* Products */;
			projectDirPath = "";
			projectRoot = "";
			targets = (
				63044A7818F0F7130056099D /* Matchismo */,
				63044A9918F0F7130056099D /* MatchismoTests */,
			);
		};
/* End PBXProject section */

/* Begin PBXResourcesBuildPhase section */
		63044A7718F0F7130056099D /* Resources */ = {
			isa = PBXResourcesBuildPhase;
			buildActionMask = 2147483647;
			files = (
				63044A9518F0F7130056099D /* Images.xcassets in Resources */,
				63044A8718F0F7130056099D /* InfoPlist.strings in Resources */,
				63044A9018F0F7130056099D /* Main.storyboard in Resources */,
			);
			runOnlyForDeploymentPostprocessing = 0;
		};
		63044A9818F0F7130056099D /* Resources */ = {
			isa = PBXResourcesBuildPhase;
			buildActionMask = 2147483647;
			files = (
				63044AA618F0F7130056099D /* InfoPlist.strings in Resources */,
			);
			runOnlyForDeploymentPostprocessing = 0;
		};
/* End PBXResourcesBuildPhase section */

/* Begin PBXSourcesBuildPhase section */
		63044A7518F0F7130056099D /* Sources */ = {
			isa = PBXSourcesBuildPhase;
			buildActionMask = 2147483647;
			files = (
				63044A8D18F0F7130056099D /* CardGameAppDelegate.m in Sources */,
				63044A9318F0F7130056099D /* CardGameViewController.m in Sources */,
				63044A8918F0F7130056099D /* main.m in Sources */,
				630320F519070C4A00975589 /* SetCardDeck.m in Sources */,
				63044AB718F1E75C0056099D /* PlayingCard.m in Sources */,
				630320F2190650AD00975589 /* SetCard.m in Sources */,
				6329D97B18F899040009D9D7 /* CardMatchingGame.m in Sources */,
				630320EF1905E52600975589 /* SetGameViewController.m in Sources */,
				63044ABD18F1F0250056099D /* PlayingCardDeck.m in Sources */,
				630855911907B1DA0068739C /* GameHistoryViewController.m in Sources */,
				63044ABA18F1EDF70056099D /* Deck.m in Sources */,
				63044AB318F1E5970056099D /* Card.m in Sources */,
			);
			runOnlyForDeploymentPostprocessing = 0;
		};
		63044A9618F0F7130056099D /* Sources */ = {
			isa = PBXSourcesBuildPhase;
			buildActionMask = 2147483647;
			files = (
				63044AA818F0F7130056099D /* MatchismoTests.m in Sources */,
			);
			runOnlyForDeploymentPostprocessing = 0;
		};
/* End PBXSourcesBuildPhase section */

/* Begin PBXTargetDependency section */
		63044AA018F0F7130056099D /* PBXTargetDependency */ = {
			isa = PBXTargetDependency;
			target = 63044A7818F0F7130056099D /* Matchismo */;
			targetProxy = 63044A9F18F0F7130056099D /* PBXContainerItemProxy */;
		};
/* End PBXTargetDependency section */

/* Begin PBXVariantGroup section */
		63044A8518F0F7130056099D /* InfoPlist.strings */ = {
			isa = PBXVariantGroup;
			children = (
				63044A8618F0F7130056099D /* en */,
			);
			name = InfoPlist.strings;
			sourceTree = "<group>";
		};
		63044A8E18F0F7130056099D /* Main.storyboard */ = {
			isa = PBXVariantGroup;
			children = (
				63044A8F18F0F7130056099D /* Base */,
			);
			name = Main.storyboard;
			sourceTree = "<group>";
		};
		63044AA418F0F7130056099D /* InfoPlist.strings */ = {
			isa = PBXVariantGroup;
			children = (
				63044AA518F0F7130056099D /* en */,
			);
			name = InfoPlist.strings;
			sourceTree = "<group>";
		};
/* End PBXVariantGroup section */

/* Begin XCBuildConfiguration section */
		63044AA918F0F7130056099D /* Debug */ = {
			isa = XCBuildConfiguration;
			buildSettings = {
				ALWAYS_SEARCH_USER_PATHS = NO;
				CLANG_CXX_LANGUAGE_STANDARD = "gnu++0x";
				CLANG_CXX_LIBRARY = "libc++";
				CLANG_ENABLE_MODULES = YES;
				CLANG_ENABLE_OBJC_ARC = YES;
				CLANG_WARN_BOOL_CONVERSION = YES;
				CLANG_WARN_CONSTANT_CONVERSION = YES;
				CLANG_WARN_DIRECT_OBJC_ISA_USAGE = YES_ERROR;
				CLANG_WARN_EMPTY_BODY = YES;
				CLANG_WARN_ENUM_CONVERSION = YES;
				CLANG_WARN_INT_CONVERSION = YES;
				CLANG_WARN_OBJC_ROOT_CLASS = YES_ERROR;
				CLANG_WARN__DUPLICATE_METHOD_MATCH = YES;
				"CODE_SIGN_IDENTITY[sdk=iphoneos*]" = "iPhone Developer";
				COPY_PHASE_STRIP = NO;
				GCC_C_LANGUAGE_STANDARD = gnu99;
				GCC_DYNAMIC_NO_PIC = NO;
				GCC_OPTIMIZATION_LEVEL = 0;
				GCC_PREPROCESSOR_DEFINITIONS = (
					"DEBUG=1",
					"$(inherited)",
				);
				GCC_SYMBOLS_PRIVATE_EXTERN = NO;
				GCC_WARN_64_TO_32_BIT_CONVERSION = YES;
				GCC_WARN_ABOUT_RETURN_TYPE = YES_ERROR;
				GCC_WARN_UNDECLARED_SELECTOR = YES;
				GCC_WARN_UNINITIALIZED_AUTOS = YES_AGGRESSIVE;
				GCC_WARN_UNUSED_FUNCTION = YES;
				GCC_WARN_UNUSED_VARIABLE = YES;
				IPHONEOS_DEPLOYMENT_TARGET = 7.1;
				ONLY_ACTIVE_ARCH = YES;
				SDKROOT = iphoneos;
			};
			name = Debug;
		};
		63044AAA18F0F7130056099D /* Release */ = {
			isa = XCBuildConfiguration;
			buildSettings = {
				ALWAYS_SEARCH_USER_PATHS = NO;
				CLANG_CXX_LANGUAGE_STANDARD = "gnu++0x";
				CLANG_CXX_LIBRARY = "libc++";
				CLANG_ENABLE_MODULES = YES;
				CLANG_ENABLE_OBJC_ARC = YES;
				CLANG_WARN_BOOL_CONVERSION = YES;
				CLANG_WARN_CONSTANT_CONVERSION = YES;
				CLANG_WARN_DIRECT_OBJC_ISA_USAGE = YES_ERROR;
				CLANG_WARN_EMPTY_BODY = YES;
				CLANG_WARN_ENUM_CONVERSION = YES;
				CLANG_WARN_INT_CONVERSION = YES;
				CLANG_WARN_OBJC_ROOT_CLASS = YES_ERROR;
				CLANG_WARN__DUPLICATE_METHOD_MATCH = YES;
				"CODE_SIGN_IDENTITY[sdk=iphoneos*]" = "iPhone Developer";
				COPY_PHASE_STRIP = YES;
				ENABLE_NS_ASSERTIONS = NO;
				GCC_C_LANGUAGE_STANDARD = gnu99;
				GCC_WARN_64_TO_32_BIT_CONVERSION = YES;
				GCC_WARN_ABOUT_RETURN_TYPE = YES_ERROR;
				GCC_WARN_UNDECLARED_SELECTOR = YES;
				GCC_WARN_UNINITIALIZED_AUTOS = YES_AGGRESSIVE;
				GCC_WARN_UNUSED_FUNCTION = YES;
				GCC_WARN_UNUSED_VARIABLE = YES;
				IPHONEOS_DEPLOYMENT_TARGET = 7.1;
				SDKROOT = iphoneos;
				VALIDATE_PRODUCT = YES;
			};
			name = Release;
		};
		63044AAC18F0F7130056099D /* Debug */ = {
			isa = XCBuildConfiguration;
			buildSettings = {
				ASSETCATALOG_COMPILER_APPICON_NAME = AppIcon;
				ASSETCATALOG_COMPILER_LAUNCHIMAGE_NAME = LaunchImage;
				GCC_PRECOMPILE_PREFIX_HEADER = YES;
				GCC_PREFIX_HEADER = "Matchismo/Matchismo-Prefix.pch";
				INFOPLIST_FILE = "Matchismo/Matchismo-Info.plist";
				PRODUCT_NAME = "$(TARGET_NAME)";
				WRAPPER_EXTENSION = app;
			};
			name = Debug;
		};
		63044AAD18F0F7130056099D /* Release */ = {
			isa = XCBuildConfiguration;
			buildSettings = {
				ASSETCATALOG_COMPILER_APPICON_NAME = AppIcon;
				ASSETCATALOG_COMPILER_LAUNCHIMAGE_NAME = LaunchImage;
				GCC_PRECOMPILE_PREFIX_HEADER = YES;
				GCC_PREFIX_HEADER = "Matchismo/Matchismo-Prefix.pch";
				INFOPLIST_FILE = "Matchismo/Matchismo-Info.plist";
				PRODUCT_NAME = "$(TARGET_NAME)";
				WRAPPER_EXTENSION = app;
			};
			name = Release;
		};
		63044AAF18F0F7140056099D /* Debug */ = {
			isa = XCBuildConfiguration;
			buildSettings = {
				BUNDLE_LOADER = "$(BUILT_PRODUCTS_DIR)/Matchismo.app/Matchismo";
				FRAMEWORK_SEARCH_PATHS = (
					"$(SDKROOT)/Developer/Library/Frameworks",
					"$(inherited)",
					"$(DEVELOPER_FRAMEWORKS_DIR)",
				);
				GCC_PRECOMPILE_PREFIX_HEADER = YES;
				GCC_PREFIX_HEADER = "Matchismo/Matchismo-Prefix.pch";
				GCC_PREPROCESSOR_DEFINITIONS = (
					"DEBUG=1",
					"$(inherited)",
				);
				INFOPLIST_FILE = "MatchismoTests/MatchismoTests-Info.plist";
				PRODUCT_NAME = "$(TARGET_NAME)";
				TEST_HOST = "$(BUNDLE_LOADER)";
				WRAPPER_EXTENSION = xctest;
			};
			name = Debug;
		};
		63044AB018F0F7140056099D /* Release */ = {
			isa = XCBuildConfiguration;
			buildSettings = {
				BUNDLE_LOADER = "$(BUILT_PRODUCTS_DIR)/Matchismo.app/Matchismo";
				FRAMEWORK_SEARCH_PATHS = (
					"$(SDKROOT)/Developer/Library/Frameworks",
					"$(inherited)",
					"$(DEVELOPER_FRAMEWORKS_DIR)",
				);
				GCC_PRECOMPILE_PREFIX_HEADER = YES;
				GCC_PREFIX_HEADER = "Matchismo/Matchismo-Prefix.pch";
				INFOPLIST_FILE = "MatchismoTests/MatchismoTests-Info.plist";
				PRODUCT_NAME = "$(TARGET_NAME)";
				TEST_HOST = "$(BUNDLE_LOADER)";
				WRAPPER_EXTENSION = xctest;
			};
			name = Release;
		};
/* End XCBuildConfiguration section */

/* Begin XCConfigurationList section */
		63044A7418F0F7130056099D /* Build configuration list for PBXProject "Matchismo" */ = {
			isa = XCConfigurationList;
			buildConfigurations = (
				63044AA918F0F7130056099D /* Debug */,
				63044AAA18F0F7130056099D /* Release */,
			);
			defaultConfigurationIsVisible = 0;
			defaultConfigurationName = Release;
		};
		63044AAB18F0F7130056099D /* Build configuration list for PBXNativeTarget "Matchismo" */ = {
			isa = XCConfigurationList;
			buildConfigurations = (
				63044AAC18F0F7130056099D /* Debug */,
				63044AAD18F0F7130056099D /* Release */,
			);
			defaultConfigurationIsVisible = 0;
			defaultConfigurationName = Release;
		};
		63044AAE18F0F7140056099D /* Build configuration list for PBXNativeTarget "MatchismoTests" */ = {
			isa = XCConfigurationList;
			buildConfigurations = (
				63044AAF18F0F7140056099D /* Debug */,
				63044AB018F0F7140056099D /* Release */,
			);
			defaultConfigurationIsVisible = 0;
			defaultConfigurationName = Release;
		};
/* End XCConfigurationList section */
	};
	rootObject = 63044A7118F0F7130056099D /* Project object */;
}
